
Microsoft Visual Studio Solution File, Format Version 12.00
# Visual Studio 15
VisualStudioVersion = 15.0.26124.0
MinimumVisualStudioVersion = 15.0.26124.0
Project("{FAE04EC0-301F-11D3-BF4B-00C04F79EFBC}") = "ReservedIdentifiers", "ReservedIdentifiers\ReservedIdentifiers.csproj", "{8D4310CE-3837-4DC8-97BF-545542167C35}"
EndProject
Project("{FAE04EC0-301F-11D3-BF4B-00C04F79EFBC}") = "ContextualKeywords", "ContextualKeywords\ContextualKeywords.csproj", "{E03C460E-F789-4BCB-BDE8-6F4B2FEBBF92}"
EndProject
Global
	GlobalSection(SolutionConfigurationPlatforms) = preSolution
		Debug|Any CPU = Debug|Any CPU
		Debug|x64 = Debug|x64
		Debug|x86 = Debug|x86
		Release|Any CPU = Release|Any CPU
		Release|x64 = Release|x64
		Release|x86 = Release|x86
	EndGlobalSection
	GlobalSection(SolutionProperties) = preSolution
		HideSolutionNode = FALSE
	EndGlobalSection
	GlobalSection(ProjectConfigurationPlatforms) = postSolution
		{8D4310CE-3837-4DC8-97BF-545542167C35}.Debug|Any CPU.ActiveCfg = Debug|Any CPU
		{8D4310CE-3837-4DC8-97BF-545542167C35}.Debug|Any CPU.Build.0 = Debug|Any CPU
		{8D4310CE-3837-4DC8-97BF-545542167C35}.Debug|x64.ActiveCfg = Debug|Any CPU
		{8D4310CE-3837-4DC8-97BF-545542167C35}.Debug|x64.Build.0 = Debug|Any CPU
		{8D4310CE-3837-4DC8-97BF-545542167C35}.Debug|x86.ActiveCfg = Debug|Any CPU
		{8D4310CE-3837-4DC8-97BF-545542167C35}.Debug|x86.Build.0 = Debug|Any CPU
		{8D4310CE-3837-4DC8-97BF-545542167C35}.Release|Any CPU.ActiveCfg = Release|Any CPU
		{8D4310CE-3837-4DC8-97BF-545542167C35}.Release|Any CPU.Build.0 = Release|Any CPU
		{8D4310CE-3837-4DC8-97BF-545542167C35}.Release|x64.ActiveCfg = Release|Any CPU
		{8D4310CE-3837-4DC8-97BF-545542167C35}.Release|x64.Build.0 = Release|Any CPU
		{8D4310CE-3837-4DC8-97BF-545542167C35}.Release|x86.ActiveCfg = Release|Any CPU
		{8D4310CE-3837-4DC8-97BF-545542167C35}.Release|x86.Build.0 = Release|Any CPU
		{E03C460E-F789-4BCB-BDE8-6F4B2FEBBF92}.Debug|Any CPU.ActiveCfg = Debug|Any CPU
		{E03C460E-F789-4BCB-BDE8-6F4B2FEBBF92}.Debug|Any CPU.Build.0 = Debug|Any CPU
		{E03C460E-F789-4BCB-BDE8-6F4B2FEBBF92}.Debug|x64.ActiveCfg = Debug|Any CPU
		{E03C460E-F789-4BCB-BDE8-6F4B2FEBBF92}.Debug|x64.Build.0 = Debug|Any CPU
		{E03C460E-F789-4BCB-BDE8-6F4B2FEBBF92}.Debug|x86.ActiveCfg = Debug|Any CPU
		{E03C460E-F789-4BCB-BDE8-6F4B2FEBBF92}.Debug|x86.Build.0 = Debug|Any CPU
		{E03C460E-F789-4BCB-BDE8-6F4B2FEBBF92}.Release|Any CPU.ActiveCfg = Release|Any CPU
		{E03C460E-F789-4BCB-BDE8-6F4B2FEBBF92}.Release|Any CPU.Build.0 = Release|Any CPU
		{E03C460E-F789-4BCB-BDE8-6F4B2FEBBF92}.Release|x64.ActiveCfg = Release|Any CPU
		{E03C460E-F789-4BCB-BDE8-6F4B2FEBBF92}.Release|x64.Build.0 = Release|Any CPU
		{E03C460E-F789-4BCB-BDE8-6F4B2FEBBF92}.Release|x86.ActiveCfg = Release|Any CPU
		{E03C460E-F789-4BCB-BDE8-6F4B2FEBBF92}.Release|x86.Build.0 = Release|Any CPU
	EndGlobalSection
EndGlobal
